
Microsoft Visual Studio Solution File, Format Version 12.00
# Visual Studio Version 17
VisualStudioVersion = 17.7.34009.444
MinimumVisualStudioVersion = 10.0.40219.1
Project("{8BC9CEB8-8B4A-11D0-8D11-00A0C91BC942}") = "Curves3D", "Curves3D\Curves3D.vcxproj", "{BC1586A0-E230-4B7B-A0C6-3BCF5AADB53D}"
EndProject
Global
	GlobalSection(SolutionConfigurationPlatforms) = preSolution
		Debug|x64 = Debug|x64
		Debug|x86 = Debug|x86
		Release|x64 = Release|x64
		Release|x86 = Release|x86
	EndGlobalSection
	GlobalSection(ProjectConfigurationPlatforms) = postSolution
		{BC1586A0-E230-4B7B-A0C6-3BCF5AADB53D}.Debug|x64.ActiveCfg = Debug|x64
		{BC1586A0-E230-4B7B-A0C6-3BCF5AADB53D}.Debug|x64.Build.0 = Debug|x64
		{BC1586A0-E230-4B7B-A0C6-3BCF5AADB53D}.Debug|x86.ActiveCfg = Debug|Win32
		{BC1586A0-E230-4B7B-A0C6-3BCF5AADB53D}.Debug|x86.Build.0 = Debug|Win32
		{BC1586A0-E230-4B7B-A0C6-3BCF5AADB53D}.Release|x64.ActiveCfg = Release|x64
		{BC1586A0-E230-4B7B-A0C6-3BCF5AADB53D}.Release|x64.Build.0 = Release|x64
		{BC1586A0-E230-4B7B-A0C6-3BCF5AADB53D}.Release|x86.ActiveCfg = Release|Win32
		{BC1586A0-E230-4B7B-A0C6-3BCF5AADB53D}.Release|x86.Build.0 = Release|Win32
	EndGlobalSection
	GlobalSection(SolutionProperties) = preSolution
		HideSolutionNode = FALSE
	EndGlobalSection
	GlobalSection(ExtensibilityGlobals) = postSolution
		SolutionGuid = {1CD871BE-BB0E-4649-B721-DBAC2BE459A8}
	EndGlobalSection
EndGlobal
